
Microsoft Visual Studio Solution File, Format Version 12.00
# Visual Studio Version 17
VisualStudioVersion = 17.0.31903.59
MinimumVisualStudioVersion = 10.0.40219.1
Project("{9A19103F-16F7-4668-BE54-9A1E7A4F7556}") = "AuthService", "AuthService\AuthService.csproj", "{E7EF8240-33F2-44F5-B7B1-DDAB1C8754D8}"
EndProject
Project("{9A19103F-16F7-4668-BE54-9A1E7A4F7556}") = "OrderService", "OrderService\OrderService.csproj", "{9993B399-31FF-4BC7-A7B0-564394AC904F}"
EndProject
Project("{9A19103F-16F7-4668-BE54-9A1E7A4F7556}") = "PaymentService", "PaymentService\PaymentService.csproj", "{F430C6CC-5D56-456C-989E-6B2FED60EF6F}"
EndProject
Project("{2150E333-8FDC-42A3-9474-1A3956D46DE8}") = "Элементы решения", "Элементы решения", "{A3B3723F-7FBC-45EB-9713-7646DA379CA8}"
	ProjectSection(SolutionItems) = preProject
		docker-compose.yml = docker-compose.yml
	EndProjectSection
EndProject
Global
	GlobalSection(SolutionConfigurationPlatforms) = preSolution
		Debug|Any CPU = Debug|Any CPU
		Release|Any CPU = Release|Any CPU
	EndGlobalSection
	GlobalSection(ProjectConfigurationPlatforms) = postSolution
		{E7EF8240-33F2-44F5-B7B1-DDAB1C8754D8}.Debug|Any CPU.ActiveCfg = Debug|Any CPU
		{E7EF8240-33F2-44F5-B7B1-DDAB1C8754D8}.Debug|Any CPU.Build.0 = Debug|Any CPU
		{E7EF8240-33F2-44F5-B7B1-DDAB1C8754D8}.Release|Any CPU.ActiveCfg = Release|Any CPU
		{E7EF8240-33F2-44F5-B7B1-DDAB1C8754D8}.Release|Any CPU.Build.0 = Release|Any CPU
		{9993B399-31FF-4BC7-A7B0-564394AC904F}.Debug|Any CPU.ActiveCfg = Debug|Any CPU
		{9993B399-31FF-4BC7-A7B0-564394AC904F}.Debug|Any CPU.Build.0 = Debug|Any CPU
		{9993B399-31FF-4BC7-A7B0-564394AC904F}.Release|Any CPU.ActiveCfg = Release|Any CPU
		{9993B399-31FF-4BC7-A7B0-564394AC904F}.Release|Any CPU.Build.0 = Release|Any CPU
		{F430C6CC-5D56-456C-989E-6B2FED60EF6F}.Debug|Any CPU.ActiveCfg = Debug|Any CPU
		{F430C6CC-5D56-456C-989E-6B2FED60EF6F}.Debug|Any CPU.Build.0 = Debug|Any CPU
		{F430C6CC-5D56-456C-989E-6B2FED60EF6F}.Release|Any CPU.ActiveCfg = Release|Any CPU
		{F430C6CC-5D56-456C-989E-6B2FED60EF6F}.Release|Any CPU.Build.0 = Release|Any CPU
	EndGlobalSection
	GlobalSection(SolutionProperties) = preSolution
		HideSolutionNode = FALSE
	EndGlobalSection
	GlobalSection(ExtensibilityGlobals) = postSolution
		SolutionGuid = {7A7A5165-EE9F-4019-99B8-1FDC3B91087A}
	EndGlobalSection
EndGlobal
